
Microsoft Visual Studio Solution File, Format Version 12.00
# Visual Studio Version 16
VisualStudioVersion = 16.0.30804.86
MinimumVisualStudioVersion = 10.0.40219.1
Project("{FAE04EC0-301F-11D3-BF4B-00C04F79EFBC}") = "RabbitMqNaiveTopics", "RabbitMqNaiveTopics\RabbitMqNaiveTopics.csproj", "{0B0C6EA7-609B-42AA-85C5-E2411BEB5BF5}"
EndProject
Project("{FAE04EC0-301F-11D3-BF4B-00C04F79EFBC}") = "SubscriptionExamples", "SubscriptionExamples\SubscriptionExamples.csproj", "{022767C7-7C99-4C0E-BDC2-B939443CD3D9}"
EndProject
Project("{FAE04EC0-301F-11D3-BF4B-00C04F79EFBC}") = "PublishExample", "PublishExample\PublishExample.csproj", "{1090CA8D-C91D-400B-A14A-1F3B3D517DF4}"
EndProject
Global
	GlobalSection(SolutionConfigurationPlatforms) = preSolution
		Debug|Any CPU = Debug|Any CPU
		Release|Any CPU = Release|Any CPU
	EndGlobalSection
	GlobalSection(ProjectConfigurationPlatforms) = postSolution
		{0B0C6EA7-609B-42AA-85C5-E2411BEB5BF5}.Debug|Any CPU.ActiveCfg = Debug|Any CPU
		{0B0C6EA7-609B-42AA-85C5-E2411BEB5BF5}.Debug|Any CPU.Build.0 = Debug|Any CPU
		{0B0C6EA7-609B-42AA-85C5-E2411BEB5BF5}.Release|Any CPU.ActiveCfg = Release|Any CPU
		{0B0C6EA7-609B-42AA-85C5-E2411BEB5BF5}.Release|Any CPU.Build.0 = Release|Any CPU
		{022767C7-7C99-4C0E-BDC2-B939443CD3D9}.Debug|Any CPU.ActiveCfg = Debug|Any CPU
		{022767C7-7C99-4C0E-BDC2-B939443CD3D9}.Debug|Any CPU.Build.0 = Debug|Any CPU
		{022767C7-7C99-4C0E-BDC2-B939443CD3D9}.Release|Any CPU.ActiveCfg = Release|Any CPU
		{022767C7-7C99-4C0E-BDC2-B939443CD3D9}.Release|Any CPU.Build.0 = Release|Any CPU
		{1090CA8D-C91D-400B-A14A-1F3B3D517DF4}.Debug|Any CPU.ActiveCfg = Debug|Any CPU
		{1090CA8D-C91D-400B-A14A-1F3B3D517DF4}.Debug|Any CPU.Build.0 = Debug|Any CPU
		{1090CA8D-C91D-400B-A14A-1F3B3D517DF4}.Release|Any CPU.ActiveCfg = Release|Any CPU
		{1090CA8D-C91D-400B-A14A-1F3B3D517DF4}.Release|Any CPU.Build.0 = Release|Any CPU
	EndGlobalSection
	GlobalSection(SolutionProperties) = preSolution
		HideSolutionNode = FALSE
	EndGlobalSection
	GlobalSection(ExtensibilityGlobals) = postSolution
		SolutionGuid = {602D4BE8-E2A5-4B00-9212-E078D5395AFE}
	EndGlobalSection
EndGlobal
